
Microsoft Visual Studio Solution File, Format Version 12.00
# Visual Studio Version 17
VisualStudioVersion = 17.4.33110.190
MinimumVisualStudioVersion = 10.0.40219.1
Project("{FAE04EC0-301F-11D3-BF4B-00C04F79EFBC}") = "Template.API", "Template.API\Template.API.csproj", "{C3579B07-4F79-4D1D-9077-1102185470AA}"
EndProject
Global
	GlobalSection(SolutionConfigurationPlatforms) = preSolution
		Debug|Any CPU = Debug|Any CPU
		Release|Any CPU = Release|Any CPU
	EndGlobalSection
	GlobalSection(ProjectConfigurationPlatforms) = postSolution
		{C3579B07-4F79-4D1D-9077-1102185470AA}.Debug|Any CPU.ActiveCfg = Debug|Any CPU
		{C3579B07-4F79-4D1D-9077-1102185470AA}.Debug|Any CPU.Build.0 = Debug|Any CPU
		{C3579B07-4F79-4D1D-9077-1102185470AA}.Release|Any CPU.ActiveCfg = Release|Any CPU
		{C3579B07-4F79-4D1D-9077-1102185470AA}.Release|Any CPU.Build.0 = Release|Any CPU
	EndGlobalSection
	GlobalSection(SolutionProperties) = preSolution
		HideSolutionNode = FALSE
	EndGlobalSection
	GlobalSection(ExtensibilityGlobals) = postSolution
		SolutionGuid = {8A738D4A-99F2-4B35-BB62-983F11360C44}
	EndGlobalSection
EndGlobal
